
Microsoft Visual Studio Solution File, Format Version 12.00
# Visual Studio Express 2012 for Web
Project("{FAE04EC0-301F-11D3-BF4B-00C04F79EFBC}") = "GroceryAdmin", "GroceryAdmin\GroceryAdmin.csproj", "{C9B54A33-2C46-4FA8-8113-878FD0DD676D}"
EndProject
Project("{FAE04EC0-301F-11D3-BF4B-00C04F79EFBC}") = "Domain", "Domain\Domain.csproj", "{2DE2C3C8-22FB-4E02-9CED-B3E2EF8D7CD5}"
EndProject
Project("{FAE04EC0-301F-11D3-BF4B-00C04F79EFBC}") = "Service", "Service\Service.csproj", "{69BB0D54-1B0C-4558-BA11-8B5053C62EC7}"
EndProject
Project("{FAE04EC0-301F-11D3-BF4B-00C04F79EFBC}") = "Data", "Data\Data.csproj", "{DFF60778-AB6E-4605-8D89-AA1A5C81BF2E}"
EndProject
Project("{FAE04EC0-301F-11D3-BF4B-00C04F79EFBC}") = "EazyWizy.WebUI", "EazyWizy\EazyWizy.WebUI\EazyWizy.WebUI.csproj", "{8B3AC6AA-E2B6-4062-80C2-CA125A1732B5}"
EndProject
Project("{2150E333-8FDC-42A3-9474-1A3956D46DE8}") = ".nuget", ".nuget", "{32494ABF-0E21-4CDC-BF2B-156C06705857}"
	ProjectSection(SolutionItems) = preProject
		.nuget\NuGet.Config = .nuget\NuGet.Config
		.nuget\NuGet.exe = .nuget\NuGet.exe
		.nuget\NuGet.targets = .nuget\NuGet.targets
	EndProjectSection
EndProject
Global
	GlobalSection(SolutionConfigurationPlatforms) = preSolution
		Debug|Any CPU = Debug|Any CPU
		Release|Any CPU = Release|Any CPU
	EndGlobalSection
	GlobalSection(ProjectConfigurationPlatforms) = postSolution
		{C9B54A33-2C46-4FA8-8113-878FD0DD676D}.Debug|Any CPU.ActiveCfg = Debug|Any CPU
		{C9B54A33-2C46-4FA8-8113-878FD0DD676D}.Debug|Any CPU.Build.0 = Debug|Any CPU
		{C9B54A33-2C46-4FA8-8113-878FD0DD676D}.Release|Any CPU.ActiveCfg = Release|Any CPU
		{C9B54A33-2C46-4FA8-8113-878FD0DD676D}.Release|Any CPU.Build.0 = Release|Any CPU
		{2DE2C3C8-22FB-4E02-9CED-B3E2EF8D7CD5}.Debug|Any CPU.ActiveCfg = Debug|Any CPU
		{2DE2C3C8-22FB-4E02-9CED-B3E2EF8D7CD5}.Debug|Any CPU.Build.0 = Debug|Any CPU
		{2DE2C3C8-22FB-4E02-9CED-B3E2EF8D7CD5}.Release|Any CPU.ActiveCfg = Release|Any CPU
		{2DE2C3C8-22FB-4E02-9CED-B3E2EF8D7CD5}.Release|Any CPU.Build.0 = Release|Any CPU
		{69BB0D54-1B0C-4558-BA11-8B5053C62EC7}.Debug|Any CPU.ActiveCfg = Debug|Any CPU
		{69BB0D54-1B0C-4558-BA11-8B5053C62EC7}.Debug|Any CPU.Build.0 = Debug|Any CPU
		{69BB0D54-1B0C-4558-BA11-8B5053C62EC7}.Release|Any CPU.ActiveCfg = Release|Any CPU
		{69BB0D54-1B0C-4558-BA11-8B5053C62EC7}.Release|Any CPU.Build.0 = Release|Any CPU
		{DFF60778-AB6E-4605-8D89-AA1A5C81BF2E}.Debug|Any CPU.ActiveCfg = Debug|Any CPU
		{DFF60778-AB6E-4605-8D89-AA1A5C81BF2E}.Debug|Any CPU.Build.0 = Debug|Any CPU
		{DFF60778-AB6E-4605-8D89-AA1A5C81BF2E}.Release|Any CPU.ActiveCfg = Release|Any CPU
		{DFF60778-AB6E-4605-8D89-AA1A5C81BF2E}.Release|Any CPU.Build.0 = Release|Any CPU
		{8B3AC6AA-E2B6-4062-80C2-CA125A1732B5}.Debug|Any CPU.ActiveCfg = Debug|Any CPU
		{8B3AC6AA-E2B6-4062-80C2-CA125A1732B5}.Debug|Any CPU.Build.0 = Debug|Any CPU
		{8B3AC6AA-E2B6-4062-80C2-CA125A1732B5}.Release|Any CPU.ActiveCfg = Release|Any CPU
		{8B3AC6AA-E2B6-4062-80C2-CA125A1732B5}.Release|Any CPU.Build.0 = Release|Any CPU
	EndGlobalSection
	GlobalSection(SolutionProperties) = preSolution
		HideSolutionNode = FALSE
	EndGlobalSection
EndGlobal
